
Microsoft Visual Studio Solution File, Format Version 12.00
# Visual Studio Version 17
VisualStudioVersion = 17.4.33110.190
MinimumVisualStudioVersion = 10.0.40219.1
Project("{FAE04EC0-301F-11D3-BF4B-00C04F79EFBC}") = "emailBackup", "emailBackup\emailBackup.csproj", "{2D4F4E84-625F-4701-8C8D-EB5AEDE98E5C}"
EndProject
Project("{9A19103F-16F7-4668-BE54-9A1E7A4F7556}") = "System.Net.Imap4", "System.Net.Imap4\System.Net.Imap4.csproj", "{2DDA3905-65CD-4309-BC32-C7ED92FFC8F7}"
EndProject
Global
	GlobalSection(SolutionConfigurationPlatforms) = preSolution
		Debug|Any CPU = Debug|Any CPU
		Release|Any CPU = Release|Any CPU
	EndGlobalSection
	GlobalSection(ProjectConfigurationPlatforms) = postSolution
		{2D4F4E84-625F-4701-8C8D-EB5AEDE98E5C}.Debug|Any CPU.ActiveCfg = Debug|Any CPU
		{2D4F4E84-625F-4701-8C8D-EB5AEDE98E5C}.Debug|Any CPU.Build.0 = Debug|Any CPU
		{2D4F4E84-625F-4701-8C8D-EB5AEDE98E5C}.Release|Any CPU.ActiveCfg = Release|Any CPU
		{2D4F4E84-625F-4701-8C8D-EB5AEDE98E5C}.Release|Any CPU.Build.0 = Release|Any CPU
		{2DDA3905-65CD-4309-BC32-C7ED92FFC8F7}.Debug|Any CPU.ActiveCfg = Debug|Any CPU
		{2DDA3905-65CD-4309-BC32-C7ED92FFC8F7}.Debug|Any CPU.Build.0 = Debug|Any CPU
		{2DDA3905-65CD-4309-BC32-C7ED92FFC8F7}.Release|Any CPU.ActiveCfg = Release|Any CPU
		{2DDA3905-65CD-4309-BC32-C7ED92FFC8F7}.Release|Any CPU.Build.0 = Release|Any CPU
	EndGlobalSection
	GlobalSection(SolutionProperties) = preSolution
		HideSolutionNode = FALSE
	EndGlobalSection
	GlobalSection(ExtensibilityGlobals) = postSolution
		SolutionGuid = {30633BBA-E018-4F3B-B960-4FC95E6C1D28}
	EndGlobalSection
EndGlobal
